
Microsoft Visual Studio Solution File, Format Version 12.00
# Visual Studio 15
VisualStudioVersion = 15.0.28307.329
MinimumVisualStudioVersion = 10.0.40219.1
Project("{FAE04EC0-301F-11D3-BF4B-00C04F79EFBC}") = "Pritchard_GOLPartI", "Pritchard_GOLPartI\Pritchard_GOLPartI.csproj", "{6ABFAD05-4CC5-415C-87D4-E72B68211A71}"
EndProject
Global
	GlobalSection(SolutionConfigurationPlatforms) = preSolution
		Debug|Any CPU = Debug|Any CPU
		Release|Any CPU = Release|Any CPU
	EndGlobalSection
	GlobalSection(ProjectConfigurationPlatforms) = postSolution
		{6ABFAD05-4CC5-415C-87D4-E72B68211A71}.Debug|Any CPU.ActiveCfg = Debug|Any CPU
		{6ABFAD05-4CC5-415C-87D4-E72B68211A71}.Debug|Any CPU.Build.0 = Debug|Any CPU
		{6ABFAD05-4CC5-415C-87D4-E72B68211A71}.Release|Any CPU.ActiveCfg = Release|Any CPU
		{6ABFAD05-4CC5-415C-87D4-E72B68211A71}.Release|Any CPU.Build.0 = Release|Any CPU
	EndGlobalSection
	GlobalSection(SolutionProperties) = preSolution
		HideSolutionNode = FALSE
	EndGlobalSection
	GlobalSection(ExtensibilityGlobals) = postSolution
		SolutionGuid = {4A3DF8E7-A987-4E0A-8F3F-02E0489E7D4C}
	EndGlobalSection
EndGlobal
